// !$*UTF8*$!
{
	archiveVersion = 1;
	classes = {
	};
	objectVersion = 46;
	objects = {

/* Begin PBXBuildFile section */
		17A3365B1A8D9AF600EC1104 /* main.m in Sources */ = {isa = PBXBuildFile; fileRef = 17A3365A1A8D9AF600EC1104 /* main.m */; };
		17A3365E1A8D9AF600EC1104 /* AppDelegate.m in Sources */ = {isa = PBXBuildFile; fileRef = 17A3365D1A8D9AF600EC1104 /* AppDelegate.m */; };
		17A336661A8D9AF600EC1104 /* Images.xcassets in Resources */ = {isa = PBXBuildFile; fileRef = 17A336651A8D9AF600EC1104 /* Images.xcassets */; };
		17A336691A8D9AF600EC1104 /* LaunchScreen.xib in Resources */ = {isa = PBXBuildFile; fileRef = 17A336671A8D9AF600EC1104 /* LaunchScreen.xib */; };
		17A336751A8D9AF600EC1104 /* AnimationDemoTests.m in Sources */ = {isa = PBXBuildFile; fileRef = 17A336741A8D9AF600EC1104 /* AnimationDemoTests.m */; };
		17A336871A8D9B8F00EC1104 /* dead@2x.png in Resources */ = {isa = PBXBuildFile; fileRef = 17A336801A8D9B8F00EC1104 /* dead@2x.png */; };
		17A336881A8D9B8F00EC1104 /* down_arrow.png in Resources */ = {isa = PBXBuildFile; fileRef = 17A336811A8D9B8F00EC1104 /* down_arrow.png */; };
		17A336891A8D9B8F00EC1104 /* excited@2x.png in Resources */ = {isa = PBXBuildFile; fileRef = 17A336821A8D9B8F00EC1104 /* excited@2x.png */; };
		17A3368A1A8D9B8F00EC1104 /* happy@2x.png in Resources */ = {isa = PBXBuildFile; fileRef = 17A336831A8D9B8F00EC1104 /* happy@2x.png */; };
		17A3368B1A8D9B8F00EC1104 /* sad@2x.png in Resources */ = {isa = PBXBuildFile; fileRef = 17A336841A8D9B8F00EC1104 /* sad@2x.png */; };
		17A3368C1A8D9B8F00EC1104 /* tongue@2x.png in Resources */ = {isa = PBXBuildFile; fileRef = 17A336851A8D9B8F00EC1104 /* tongue@2x.png */; };
		17A3368D1A8D9B8F00EC1104 /* wink@2x.png in Resources */ = {isa = PBXBuildFile; fileRef = 17A336861A8D9B8F00EC1104 /* wink@2x.png */; };
		17A336911A8D9BEA00EC1104 /* CanvasViewController.m in Sources */ = {isa = PBXBuildFile; fileRef = 17A3368F1A8D9BEA00EC1104 /* CanvasViewController.m */; };
		17A336921A8D9BEA00EC1104 /* CanvasViewController.xib in Resources */ = {isa = PBXBuildFile; fileRef = 17A336901A8D9BEA00EC1104 /* CanvasViewController.xib */; };
/* End PBXBuildFile section */

/* Begin PBXContainerItemProxy section */
		17A3366F1A8D9AF600EC1104 /* PBXContainerItemProxy */ = {
			isa = PBXContainerItemProxy;
			containerPortal = 17A3364D1A8D9AF600EC1104 /* Project object */;
			proxyType = 1;
			remoteGlobalIDString = 17A336541A8D9AF600EC1104;
			remoteInfo = AnimationDemo;
		};
/* End PBXContainerItemProxy section */

/* Begin PBXFileReference section */
		17A336551A8D9AF600EC1104 /* AnimationDemo.app */ = {isa = PBXFileReference; explicitFileType = wrapper.application; includeInIndex = 0; path = AnimationDemo.app; sourceTree = BUILT_PRODUCTS_DIR; };
		17A336591A8D9AF600EC1104 /* Info.plist */ = {isa = PBXFileReference; lastKnownFileType = text.plist.xml; path = Info.plist; sourceTree = "<group>"; };
		17A3365A1A8D9AF600EC1104 /* main.m */ = {isa = PBXFileReference; lastKnownFileType = sourcecode.c.objc; path = main.m; sourceTree = "<group>"; };
		17A3365C1A8D9AF600EC1104 /* AppDelegate.h */ = {isa = PBXFileReference; lastKnownFileType = sourcecode.c.h; path = AppDelegate.h; sourceTree = "<group>"; };
		17A3365D1A8D9AF600EC1104 /* AppDelegate.m */ = {isa = PBXFileReference; lastKnownFileType = sourcecode.c.objc; path = AppDelegate.m; sourceTree = "<group>"; };
		17A336651A8D9AF600EC1104 /* Images.xcassets */ = {isa = PBXFileReference; lastKnownFileType = folder.assetcatalog; path = Images.xcassets; sourceTree = "<group>"; };
		17A336681A8D9AF600EC1104 /* Base */ = {isa = PBXFileReference; lastKnownFileType = file.xib; name = Base; path = Base.lproj/LaunchScreen.xib; sourceTree = "<group>"; };
		17A3366E1A8D9AF600EC1104 /* AnimationDemoTests.xctest */ = {isa = PBXFileReference; explicitFileType = wrapper.cfbundle; includeInIndex = 0; path = AnimationDemoTests.xctest; sourceTree = BUILT_PRODUCTS_DIR; };
		17A336731A8D9AF600EC1104 /* Info.plist */ = {isa = PBXFileReference; lastKnownFileType = text.plist.xml; path = Info.plist; sourceTree = "<group>"; };
		17A336741A8D9AF600EC1104 /* AnimationDemoTests.m */ = {isa = PBXFileReference; lastKnownFileType = sourcecode.c.objc; path = AnimationDemoTests.m; sourceTree = "<group>"; };
		17A336801A8D9B8F00EC1104 /* dead@2x.png */ = {isa = PBXFileReference; lastKnownFileType = image.png; name = "dead@2x.png"; path = "../../../../../Downloads/Canvas Assets/dead@2x.png"; sourceTree = "<group>"; };
		17A336811A8D9B8F00EC1104 /* down_arrow.png */ = {isa = PBXFileReference; lastKnownFileType = image.png; name = down_arrow.png; path = "../../../../../Downloads/Canvas Assets/down_arrow.png"; sourceTree = "<group>"; };
		17A336821A8D9B8F00EC1104 /* excited@2x.png */ = {isa = PBXFileReference; lastKnownFileType = image.png; name = "excited@2x.png"; path = "../../../../../Downloads/Canvas Assets/excited@2x.png"; sourceTree = "<group>"; };
		17A336831A8D9B8F00EC1104 /* happy@2x.png */ = {isa = PBXFileReference; lastKnownFileType = image.png; name = "happy@2x.png"; path = "../../../../../Downloads/Canvas Assets/happy@2x.png"; sourceTree = "<group>"; };
		17A336841A8D9B8F00EC1104 /* sad@2x.png */ = {isa = PBXFileReference; lastKnownFileType = image.png; name = "sad@2x.png"; path = "../../../../../Downloads/Canvas Assets/sad@2x.png"; sourceTree = "<group>"; };
		17A336851A8D9B8F00EC1104 /* tongue@2x.png */ = {isa = PBXFileReference; lastKnownFileType = image.png; name = "tongue@2x.png"; path = "../../../../../Downloads/Canvas Assets/tongue@2x.png"; sourceTree = "<group>"; };
		17A336861A8D9B8F00EC1104 /* wink@2x.png */ = {isa = PBXFileReference; lastKnownFileType = image.png; name = "wink@2x.png"; path = "../../../../../Downloads/Canvas Assets/wink@2x.png"; sourceTree = "<group>"; };
		17A3368E1A8D9BEA00EC1104 /* CanvasViewController.h */ = {isa = PBXFileReference; fileEncoding = 4; lastKnownFileType = sourcecode.c.h; path = CanvasViewController.h; sourceTree = "<group>"; };
		17A3368F1A8D9BEA00EC1104 /* CanvasViewController.m */ = {isa = PBXFileReference; fileEncoding = 4; lastKnownFileType = sourcecode.c.objc; path = CanvasViewController.m; sourceTree = "<group>"; };
		17A336901A8D9BEA00EC1104 /* CanvasViewController.xib */ = {isa = PBXFileReference; fileEncoding = 4; lastKnownFileType = file.xib; path = CanvasViewController.xib; sourceTree = "<group>"; };
/* End PBXFileReference section */

/* Begin PBXFrameworksBuildPhase section */
		17A336521A8D9AF600EC1104 /* Frameworks */ = {
			isa = PBXFrameworksBuildPhase;
			buildActionMask = 2147483647;
			files = (
			);
			runOnlyForDeploymentPostprocessing = 0;
		};
		17A3366B1A8D9AF600EC1104 /* Frameworks */ = {
			isa = PBXFrameworksBuildPhase;
			buildActionMask = 2147483647;
			files = (
			);
			runOnlyForDeploymentPostprocessing = 0;
		};
/* End PBXFrameworksBuildPhase section */

/* Begin PBXGroup section */
		17A3364C1A8D9AF600EC1104 = {
			isa = PBXGroup;
			children = (
				17A336571A8D9AF600EC1104 /* AnimationDemo */,
				17A336711A8D9AF600EC1104 /* AnimationDemoTests */,
				17A336561A8D9AF600EC1104 /* Products */,
			);
			sourceTree = "<group>";
		};
		17A336561A8D9AF600EC1104 /* Products */ = {
			isa = PBXGroup;
			children = (
				17A336551A8D9AF600EC1104 /* AnimationDemo.app */,
				17A3366E1A8D9AF600EC1104 /* AnimationDemoTests.xctest */,
			);
			name = Products;
			sourceTree = "<group>";
		};
		17A336571A8D9AF600EC1104 /* AnimationDemo */ = {
			isa = PBXGroup;
			children = (
				17A3367E1A8D9B7C00EC1104 /* Resources */,
				17A3365C1A8D9AF600EC1104 /* AppDelegate.h */,
				17A3365D1A8D9AF600EC1104 /* AppDelegate.m */,
				17A336651A8D9AF600EC1104 /* Images.xcassets */,
				17A336671A8D9AF600EC1104 /* LaunchScreen.xib */,
				17A336581A8D9AF600EC1104 /* Supporting Files */,
				17A3368E1A8D9BEA00EC1104 /* CanvasViewController.h */,
				17A3368F1A8D9BEA00EC1104 /* CanvasViewController.m */,
				17A336901A8D9BEA00EC1104 /* CanvasViewController.xib */,
			);
			path = AnimationDemo;
			sourceTree = "<group>";
		};
		17A336581A8D9AF600EC1104 /* Supporting Files */ = {
			isa = PBXGroup;
			children = (
				17A336591A8D9AF600EC1104 /* Info.plist */,
				17A3365A1A8D9AF600EC1104 /* main.m */,
			);
			name = "Supporting Files";
			sourceTree = "<group>";
		};
		17A336711A8D9AF600EC1104 /* AnimationDemoTests */ = {
			isa = PBXGroup;
			children = (
				17A336741A8D9AF600EC1104 /* AnimationDemoTests.m */,
				17A336721A8D9AF600EC1104 /* Supporting Files */,
			);
			path = AnimationDemoTests;
			sourceTree = "<group>";
		};
		17A336721A8D9AF600EC1104 /* Supporting Files */ = {
			isa = PBXGroup;
			children = (
				17A336731A8D9AF600EC1104 /* Info.plist */,
			);
			name = "Supporting Files";
			sourceTree = "<group>";
		};
		17A3367E1A8D9B7C00EC1104 /* Resources */ = {
			isa = PBXGroup;
			children = (
				17A3367F1A8D9B8200EC1104 /* Images */,
			);
			name = Resources;
			sourceTree = "<group>";
		};
		17A3367F1A8D9B8200EC1104 /* Images */ = {
			isa = PBXGroup;
			children = (
				17A336801A8D9B8F00EC1104 /* dead@2x.png */,
				17A336811A8D9B8F00EC1104 /* down_arrow.png */,
				17A336821A8D9B8F00EC1104 /* excited@2x.png */,
				17A336831A8D9B8F00EC1104 /* happy@2x.png */,
				17A336841A8D9B8F00EC1104 /* sad@2x.png */,
				17A336851A8D9B8F00EC1104 /* tongue@2x.png */,
				17A336861A8D9B8F00EC1104 /* wink@2x.png */,
			);
			name = Images;
			sourceTree = "<group>";
		};
/* End PBXGroup section */

/* Begin PBXNativeTarget section */
		17A336541A8D9AF600EC1104 /* AnimationDemo */ = {
			isa = PBXNativeTarget;
			buildConfigurationList = 17A336781A8D9AF600EC1104 /* Build configuration list for PBXNativeTarget "AnimationDemo" */;
			buildPhases = (
				17A336511A8D9AF600EC1104 /* Sources */,
				17A336521A8D9AF600EC1104 /* Frameworks */,
				17A336531A8D9AF600EC1104 /* Resources */,
			);
			buildRules = (
			);
			dependencies = (
			);
			name = AnimationDemo;
			productName = AnimationDemo;
			productReference = 17A336551A8D9AF600EC1104 /* AnimationDemo.app */;
			productType = "com.apple.product-type.application";
		};
		17A3366D1A8D9AF600EC1104 /* AnimationDemoTests */ = {
			isa = PBXNativeTarget;
			buildConfigurationList = 17A3367B1A8D9AF600EC1104 /* Build configuration list for PBXNativeTarget "AnimationDemoTests" */;
			buildPhases = (
				17A3366A1A8D9AF600EC1104 /* Sources */,
				17A3366B1A8D9AF600EC1104 /* Frameworks */,
				17A3366C1A8D9AF600EC1104 /* Resources */,
			);
			buildRules = (
			);
			dependencies = (
				17A336701A8D9AF600EC1104 /* PBXTargetDependency */,
			);
			name = AnimationDemoTests;
			productName = AnimationDemoTests;
			productReference = 17A3366E1A8D9AF600EC1104 /* AnimationDemoTests.xctest */;
			productType = "com.apple.product-type.bundle.unit-test";
		};
/* End PBXNativeTarget section */

/* Begin PBXProject section */
		17A3364D1A8D9AF600EC1104 /* Project object */ = {
			isa = PBXProject;
			attributes = {
				LastUpgradeCheck = 0610;
				ORGANIZATIONNAME = Yahoo;
				TargetAttributes = {
					17A336541A8D9AF600EC1104 = {
						CreatedOnToolsVersion = 6.1.1;
					};
					17A3366D1A8D9AF600EC1104 = {
						CreatedOnToolsVersion = 6.1.1;
						TestTargetID = 17A336541A8D9AF600EC1104;
					};
				};
			};
			buildConfigurationList = 17A336501A8D9AF600EC1104 /* Build configuration list for PBXProject "AnimationDemo" */;
			compatibilityVersion = "Xcode 3.2";
			developmentRegion = English;
			hasScannedForEncodings = 0;
			knownRegions = (
				en,
				Base,
			);
			mainGroup = 17A3364C1A8D9AF600EC1104;
			productRefGroup = 17A336561A8D9AF600EC1104 /* Products */;
			projectDirPath = "";
			projectRoot = "";
			targets = (
				17A336541A8D9AF600EC1104 /* AnimationDemo */,
				17A3366D1A8D9AF600EC1104 /* AnimationDemoTests */,
			);
		};
/* End PBXProject section */

/* Begin PBXResourcesBuildPhase section */
		17A336531A8D9AF600EC1104 /* Resources */ = {
			isa = PBXResourcesBuildPhase;
			buildActionMask = 2147483647;
			files = (
				17A3368D1A8D9B8F00EC1104 /* wink@2x.png in Resources */,
				17A336691A8D9AF600EC1104 /* LaunchScreen.xib in Resources */,
				17A336871A8D9B8F00EC1104 /* dead@2x.png in Resources */,
				17A336661A8D9AF600EC1104 /* Images.xcassets in Resources */,
				17A336921A8D9BEA00EC1104 /* CanvasViewController.xib in Resources */,
				17A336891A8D9B8F00EC1104 /* excited@2x.png in Resources */,
				17A3368C1A8D9B8F00EC1104 /* tongue@2x.png in Resources */,
				17A3368B1A8D9B8F00EC1104 /* sad@2x.png in Resources */,
				17A336881A8D9B8F00EC1104 /* down_arrow.png in Resources */,
				17A3368A1A8D9B8F00EC1104 /* happy@2x.png in Resources */,
			);
			runOnlyForDeploymentPostprocessing = 0;
		};
		17A3366C1A8D9AF600EC1104 /* Resources */ = {
			isa = PBXResourcesBuildPhase;
			buildActionMask = 2147483647;
			files = (
			);
			runOnlyForDeploymentPostprocessing = 0;
		};
/* End PBXResourcesBuildPhase section */

/* Begin PBXSourcesBuildPhase section */
		17A336511A8D9AF600EC1104 /* Sources */ = {
			isa = PBXSourcesBuildPhase;
			buildActionMask = 2147483647;
			files = (
				17A3365E1A8D9AF600EC1104 /* AppDelegate.m in Sources */,
				17A3365B1A8D9AF600EC1104 /* main.m in Sources */,
				17A336911A8D9BEA00EC1104 /* CanvasViewController.m in Sources */,
			);
			runOnlyForDeploymentPostprocessing = 0;
		};
		17A3366A1A8D9AF600EC1104 /* Sources */ = {
			isa = PBXSourcesBuildPhase;
			buildActionMask = 2147483647;
			files = (
				17A336751A8D9AF600EC1104 /* AnimationDemoTests.m in Sources */,
			);
			runOnlyForDeploymentPostprocessing = 0;
		};
/* End PBXSourcesBuildPhase section */

/* Begin PBXTargetDependency section */
		17A336701A8D9AF600EC1104 /* PBXTargetDependency */ = {
			isa = PBXTargetDependency;
			target = 17A336541A8D9AF600EC1104 /* AnimationDemo */;
			targetProxy = 17A3366F1A8D9AF600EC1104 /* PBXContainerItemProxy */;
		};
/* End PBXTargetDependency section */

/* Begin PBXVariantGroup section */
		17A336671A8D9AF600EC1104 /* LaunchScreen.xib */ = {
			isa = PBXVariantGroup;
			children = (
				17A336681A8D9AF600EC1104 /* Base */,
			);
			name = LaunchScreen.xib;
			sourceTree = "<group>";
		};
/* End PBXVariantGroup section */

/* Begin XCBuildConfiguration section */
		17A336761A8D9AF600EC1104 /* Debug */ = {
			isa = XCBuildConfiguration;
			buildSettings = {
				ALWAYS_SEARCH_USER_PATHS = NO;
				CLANG_CXX_LANGUAGE_STANDARD = "gnu++0x";
				CLANG_CXX_LIBRARY = "libc++";
				CLANG_ENABLE_MODULES = YES;
				CLANG_ENABLE_OBJC_ARC = YES;
				CLANG_WARN_BOOL_CONVERSION = YES;
				CLANG_WARN_CONSTANT_CONVERSION = YES;
				CLANG_WARN_DIRECT_OBJC_ISA_USAGE = YES_ERROR;
				CLANG_WARN_EMPTY_BODY = YES;
				CLANG_WARN_ENUM_CONVERSION = YES;
				CLANG_WARN_INT_CONVERSION = YES;
				CLANG_WARN_OBJC_ROOT_CLASS = YES_ERROR;
				CLANG_WARN_UNREACHABLE_CODE = YES;
				CLANG_WARN__DUPLICATE_METHOD_MATCH = YES;
				"CODE_SIGN_IDENTITY[sdk=iphoneos*]" = "iPhone Developer";
				COPY_PHASE_STRIP = NO;
				ENABLE_STRICT_OBJC_MSGSEND = YES;
				GCC_C_LANGUAGE_STANDARD = gnu99;
				GCC_DYNAMIC_NO_PIC = NO;
				GCC_OPTIMIZATION_LEVEL = 0;
				GCC_PREPROCESSOR_DEFINITIONS = (
					"DEBUG=1",
					"$(inherited)",
				);
				GCC_SYMBOLS_PRIVATE_EXTERN = NO;
				GCC_WARN_64_TO_32_BIT_CONVERSION = YES;
				GCC_WARN_ABOUT_RETURN_TYPE = YES_ERROR;
				GCC_WARN_UNDECLARED_SELECTOR = YES;
				GCC_WARN_UNINITIALIZED_AUTOS = YES_AGGRESSIVE;
				GCC_WARN_UNUSED_FUNCTION = YES;
				GCC_WARN_UNUSED_VARIABLE = YES;
				IPHONEOS_DEPLOYMENT_TARGET = 8.1;
				MTL_ENABLE_DEBUG_INFO = YES;
				ONLY_ACTIVE_ARCH = YES;
				SDKROOT = iphoneos;
			};
			name = Debug;
		};
		17A336771A8D9AF600EC1104 /* Release */ = {
			isa = XCBuildConfiguration;
			buildSettings = {
				ALWAYS_SEARCH_USER_PATHS = NO;
				CLANG_CXX_LANGUAGE_STANDARD = "gnu++0x";
				CLANG_CXX_LIBRARY = "libc++";
				CLANG_ENABLE_MODULES = YES;
				CLANG_ENABLE_OBJC_ARC = YES;
				CLANG_WARN_BOOL_CONVERSION = YES;
				CLANG_WARN_CONSTANT_CONVERSION = YES;
				CLANG_WARN_DIRECT_OBJC_ISA_USAGE = YES_ERROR;
				CLANG_WARN_EMPTY_BODY = YES;
				CLANG_WARN_ENUM_CONVERSION = YES;
				CLANG_WARN_INT_CONVERSION = YES;
				CLANG_WARN_OBJC_ROOT_CLASS = YES_ERROR;
				CLANG_WARN_UNREACHABLE_CODE = YES;
				CLANG_WARN__DUPLICATE_METHOD_MATCH = YES;
				"CODE_SIGN_IDENTITY[sdk=iphoneos*]" = "iPhone Developer";
				COPY_PHASE_STRIP = YES;
				ENABLE_NS_ASSERTIONS = NO;
				ENABLE_STRICT_OBJC_MSGSEND = YES;
				GCC_C_LANGUAGE_STANDARD = gnu99;
				GCC_WARN_64_TO_32_BIT_CONVERSION = YES;
				GCC_WARN_ABOUT_RETURN_TYPE = YES_ERROR;
				GCC_WARN_UNDECLARED_SELECTOR = YES;
				GCC_WARN_UNINITIALIZED_AUTOS = YES_AGGRESSIVE;
				GCC_WARN_UNUSED_FUNCTION = YES;
				GCC_WARN_UNUSED_VARIABLE = YES;
				IPHONEOS_DEPLOYMENT_TARGET = 8.1;
				MTL_ENABLE_DEBUG_INFO = NO;
				SDKROOT = iphoneos;
				VALIDATE_PRODUCT = YES;
			};
			name = Release;
		};
		17A336791A8D9AF600EC1104 /* Debug */ = {
			isa = XCBuildConfiguration;
			buildSettings = {
				ASSETCATALOG_COMPILER_APPICON_NAME = AppIcon;
				INFOPLIST_FILE = AnimationDemo/Info.plist;
				LD_RUNPATH_SEARCH_PATHS = "$(inherited) @executable_path/Frameworks";
				PRODUCT_NAME = "$(TARGET_NAME)";
			};
			name = Debug;
		};
		17A3367A1A8D9AF600EC1104 /* Release */ = {
			isa = XCBuildConfiguration;
			buildSettings = {
				ASSETCATALOG_COMPILER_APPICON_NAME = AppIcon;
				INFOPLIST_FILE = AnimationDemo/Info.plist;
				LD_RUNPATH_SEARCH_PATHS = "$(inherited) @executable_path/Frameworks";
				PRODUCT_NAME = "$(TARGET_NAME)";
			};
			name = Release;
		};
		17A3367C1A8D9AF600EC1104 /* Debug */ = {
			isa = XCBuildConfiguration;
			buildSettings = {
				BUNDLE_LOADER = "$(TEST_HOST)";
				FRAMEWORK_SEARCH_PATHS = (
					"$(SDKROOT)/Developer/Library/Frameworks",
					"$(inherited)",
				);
				GCC_PREPROCESSOR_DEFINITIONS = (
					"DEBUG=1",
					"$(inherited)",
				);
				INFOPLIST_FILE = AnimationDemoTests/Info.plist;
				LD_RUNPATH_SEARCH_PATHS = "$(inherited) @executable_path/Frameworks @loader_path/Frameworks";
				PRODUCT_NAME = "$(TARGET_NAME)";
				TEST_HOST = "$(BUILT_PRODUCTS_DIR)/AnimationDemo.app/AnimationDemo";
			};
			name = Debug;
		};
		17A3367D1A8D9AF600EC1104 /* Release */ = {
			isa = XCBuildConfiguration;
			buildSettings = {
				BUNDLE_LOADER = "$(TEST_HOST)";
				FRAMEWORK_SEARCH_PATHS = (
					"$(SDKROOT)/Developer/Library/Frameworks",
					"$(inherited)",
				);
				INFOPLIST_FILE = AnimationDemoTests/Info.plist;
				LD_RUNPATH_SEARCH_PATHS = "$(inherited) @executable_path/Frameworks @loader_path/Frameworks";
				PRODUCT_NAME = "$(TARGET_NAME)";
				TEST_HOST = "$(BUILT_PRODUCTS_DIR)/AnimationDemo.app/AnimationDemo";
			};
			name = Release;
		};
/* End XCBuildConfiguration section */

/* Begin XCConfigurationList section */
		17A336501A8D9AF600EC1104 /* Build configuration list for PBXProject "AnimationDemo" */ = {
			isa = XCConfigurationList;
			buildConfigurations = (
				17A336761A8D9AF600EC1104 /* Debug */,
				17A336771A8D9AF600EC1104 /* Release */,
			);
			defaultConfigurationIsVisible = 0;
			defaultConfigurationName = Release;
		};
		17A336781A8D9AF600EC1104 /* Build configuration list for PBXNativeTarget "AnimationDemo" */ = {
			isa = XCConfigurationList;
			buildConfigurations = (
				17A336791A8D9AF600EC1104 /* Debug */,
				17A3367A1A8D9AF600EC1104 /* Release */,
			);
			defaultConfigurationIsVisible = 0;
		};
		17A3367B1A8D9AF600EC1104 /* Build configuration list for PBXNativeTarget "AnimationDemoTests" */ = {
			isa = XCConfigurationList;
			buildConfigurations = (
				17A3367C1A8D9AF600EC1104 /* Debug */,
				17A3367D1A8D9AF600EC1104 /* Release */,
			);
			defaultConfigurationIsVisible = 0;
		};
/* End XCConfigurationList section */
	};
	rootObject = 17A3364D1A8D9AF600EC1104 /* Project object */;
}
